schema: '2.0'
stages:
  ingest:
    cmd: python -c "from data_pipeline import ingest; df = ingest.download_intraday_data();
      ingest.save_raw_data(df)"
    outs:
    - path: data/raw/nifty50_5min.csv
      hash: md5
      md5: 24e1e5bb8582faed165dcbea9a0f17e5
      size: 378786
  validate:
    cmd: python -c "from data_pipeline import ingest, validate; df = ingest.download_intraday_data();
      validate.validate_data(df)"
    deps:
    - path: data/raw/nifty50_5min.csv
      hash: md5
      md5: 24e1e5bb8582faed165dcbea9a0f17e5
      size: 378786
    - path: data_pipeline/ingest.py
      hash: md5
      md5: fb220df148c69945855d422ef3fff984
      size: 1643
    - path: data_pipeline/validate.py
      hash: md5
      md5: e576c53ae21434b1bddf73eff1e114b6
      size: 303
  transform:
    cmd: python -c "from data_pipeline import ingest, transform; df = ingest.download_intraday_data();
      df = transform.add_features(df); transform.save_transformed_data(df)"
    deps:
    - path: data/raw/nifty50_5min.csv
      hash: md5
      md5: 24e1e5bb8582faed165dcbea9a0f17e5
      size: 378786
    - path: data_pipeline/ingest.py
      hash: md5
      md5: fb220df148c69945855d422ef3fff984
      size: 1643
    - path: data_pipeline/transform.py
      hash: md5
      md5: abfdbdcecdb7100728f95de4efec8d32
      size: 928
    outs:
    - path: data/processed/nifty50_5min_features.csv
      hash: md5
      md5: d88eee26411cc121a24192eb802e9b95
      size: 520186
